
Microsoft Visual Studio Solution File, Format Version 12.00
Project("{FAE04EC0-301F-11D3-BF4B-00C04F79EFBC}") = "MosTac", "MosTac.csproj", "{DBDC421A-13D6-4D47-BC91-6E783B90DAF9}"
EndProject
Global
	GlobalSection(SolutionConfigurationPlatforms) = preSolution
		Debug|Any CPU = Debug|Any CPU
		Release|Any CPU = Release|Any CPU
	EndGlobalSection
	GlobalSection(ProjectConfigurationPlatforms) = postSolution
		{DBDC421A-13D6-4D47-BC91-6E783B90DAF9}.Debug|Any CPU.ActiveCfg = Debug|Any CPU
		{DBDC421A-13D6-4D47-BC91-6E783B90DAF9}.Debug|Any CPU.Build.0 = Debug|Any CPU
		{DBDC421A-13D6-4D47-BC91-6E783B90DAF9}.Release|Any CPU.ActiveCfg = Release|Any CPU
		{DBDC421A-13D6-4D47-BC91-6E783B90DAF9}.Release|Any CPU.Build.0 = Release|Any CPU
	EndGlobalSection
EndGlobal
